
Microsoft Visual Studio Solution File, Format Version 12.00
# Visual Studio Version 16
VisualStudioVersion = 16.0.31205.134
MinimumVisualStudioVersion = 10.0.40219.1
Project("{FAE04EC0-301F-11D3-BF4B-00C04F79EFBC}") = "CardAPI", "CardAPI.csproj", "{B76C9222-18CB-495E-B4D1-6E5DE2C7CF3D}"
EndProject
Global
	GlobalSection(SolutionConfigurationPlatforms) = preSolution
		Debug|Any CPU = Debug|Any CPU
		Release|Any CPU = Release|Any CPU
	EndGlobalSection
	GlobalSection(ProjectConfigurationPlatforms) = postSolution
		{B76C9222-18CB-495E-B4D1-6E5DE2C7CF3D}.Debug|Any CPU.ActiveCfg = Debug|Any CPU
		{B76C9222-18CB-495E-B4D1-6E5DE2C7CF3D}.Debug|Any CPU.Build.0 = Debug|Any CPU
		{B76C9222-18CB-495E-B4D1-6E5DE2C7CF3D}.Release|Any CPU.ActiveCfg = Release|Any CPU
		{B76C9222-18CB-495E-B4D1-6E5DE2C7CF3D}.Release|Any CPU.Build.0 = Release|Any CPU
	EndGlobalSection
	GlobalSection(SolutionProperties) = preSolution
		HideSolutionNode = FALSE
	EndGlobalSection
	GlobalSection(ExtensibilityGlobals) = postSolution
		SolutionGuid = {B595B870-F461-4B12-99E4-EF84E2CA2D96}
	EndGlobalSection
EndGlobal
